
Microsoft Visual Studio Solution File, Format Version 12.00
# Visual Studio Version 17
VisualStudioVersion = 17.9.34728.123
MinimumVisualStudioVersion = 10.0.40219.1
Project("{FAE04EC0-301F-11D3-BF4B-00C04F79EFBC}") = "Fundamentals", "Fundamentals\Fundamentals.csproj", "{6DF17E55-5EF9-4986-A91F-2DE1B4DC9EF1}"
EndProject
Global
	GlobalSection(SolutionConfigurationPlatforms) = preSolution
		Debug|Any CPU = Debug|Any CPU
		Release|Any CPU = Release|Any CPU
	EndGlobalSection
	GlobalSection(ProjectConfigurationPlatforms) = postSolution
		{6DF17E55-5EF9-4986-A91F-2DE1B4DC9EF1}.Debug|Any CPU.ActiveCfg = Debug|Any CPU
		{6DF17E55-5EF9-4986-A91F-2DE1B4DC9EF1}.Debug|Any CPU.Build.0 = Debug|Any CPU
		{6DF17E55-5EF9-4986-A91F-2DE1B4DC9EF1}.Release|Any CPU.ActiveCfg = Release|Any CPU
		{6DF17E55-5EF9-4986-A91F-2DE1B4DC9EF1}.Release|Any CPU.Build.0 = Release|Any CPU
	EndGlobalSection
	GlobalSection(SolutionProperties) = preSolution
		HideSolutionNode = FALSE
	EndGlobalSection
	GlobalSection(ExtensibilityGlobals) = postSolution
		SolutionGuid = {4C0AEAF6-4503-44DC-B462-ADB45B47A140}
	EndGlobalSection
EndGlobal
